{
  "name": "http-dns",
  "version": "1.0.0",
  "lockfileVersion": 1,
  "requires": true,
  "dependencies": {
    "dompurify": {
      "version": "1.0.4",
      "resolved": "https://registry.npmjs.org/dompurify/-/dompurify-1.0.4.tgz",
      "integrity": "sha512-Y/HFiY5NACdpMs8DJQhNCjF8Kj6msjQRLW5fgD628gBk6a2tjZcVN57SF/PvEgogxsrBPXOF0f3d6qNiAdIYoA=="
    }
  }
}
