{
  "name": "http-dns",
  "version": "1.0.0",
  "lockfileVersion": 1,
  "requires": true,
  "dependencies": {
    "collections": {
      "version": "0.2.2",
      "resolved": "https://registry.npmjs.org/collections/-/collections-0.2.2.tgz",
      "integrity": "sha1-HyMCay7zb5J+7MkB6ZxfDUj6M04=",
      "requires": {
        "weak-map": "1.0.0"
      }
    },
    "dompurify": {
      "version": "1.0.4",
      "resolved": "https://registry.npmjs.org/dompurify/-/dompurify-1.0.4.tgz",
      "integrity": "sha512-Y/HFiY5NACdpMs8DJQhNCjF8Kj6msjQRLW5fgD628gBk6a2tjZcVN57SF/PvEgogxsrBPXOF0f3d6qNiAdIYoA=="
    },
    "habitat": {
      "version": "3.1.2",
      "resolved": "https://registry.npmjs.org/habitat/-/habitat-3.1.2.tgz",
      "integrity": "sha1-5c/V1zTlEiB8Lbut2AYExx0THeA=",
      "requires": {
        "xtend": "~2.1.1"
      }
    },
    "mime": {
      "version": "1.6.0",
      "resolved": "https://registry.npmjs.org/mime/-/mime-1.6.0.tgz",
      "integrity": "sha512-x0Vn8spI+wuJ1O6S7gnbaQg8Pxh4NNHb7KSINmEWKiPE4RKOplvijn+NkmYmmRgP68mc70j2EbeTFRsrswaQeg=="
    },
    "mimeparse": {
      "version": "0.1.4",
      "resolved": "https://registry.npmjs.org/mimeparse/-/mimeparse-0.1.4.tgz",
      "integrity": "sha1-2vsCdSNw/SJgk64xUsJxrwGsJUo="
    },
    "minimist": {
      "version": "1.2.0",
      "resolved": "https://registry.npmjs.org/minimist/-/minimist-1.2.0.tgz",
      "integrity": "sha1-o1AIsg9BOD7sH7kU9M1d95omQoQ="
    },
    "object-keys": {
      "version": "0.4.0",
      "resolved": "https://registry.npmjs.org/object-keys/-/object-keys-0.4.0.tgz",
      "integrity": "sha1-KKaq50KN0sOpLz2V8hM13SBOAzY="
    },
    "pontoon-to-webext": {
      "version": "1.0.2",
      "resolved": "https://registry.npmjs.org/pontoon-to-webext/-/pontoon-to-webext-1.0.2.tgz",
      "integrity": "sha1-1VdbyR38gScRJVH7wV0pKAADkhg=",
      "requires": {
        "habitat": "^3.1.2",
        "minimist": "^1.2.0",
        "properties-parser": "^0.3.1",
        "q-io": "^1.13.2"
      }
    },
    "properties-parser": {
      "version": "0.3.1",
      "resolved": "https://registry.npmjs.org/properties-parser/-/properties-parser-0.3.1.tgz",
      "integrity": "sha1-ExbpU5/7/ZOEXjabIRAiq9R4dxo=",
      "requires": {
        "string.prototype.codepointat": "^0.2.0"
      }
    },
    "q": {
      "version": "1.5.1",
      "resolved": "https://registry.npmjs.org/q/-/q-1.5.1.tgz",
      "integrity": "sha1-fjL3W0E4EpHQRhHxvxQQmsAGUdc="
    },
    "q-io": {
      "version": "1.13.5",
      "resolved": "https://registry.npmjs.org/q-io/-/q-io-1.13.5.tgz",
      "integrity": "sha1-asOd61z+DcaENub4wz0NfD9HG7I=",
      "requires": {
        "collections": "^0.2.0",
        "mime": "^1.2.11",
        "mimeparse": "^0.1.4",
        "q": "^1.0.1",
        "qs": "^6.4.0",
        "url2": "^0.0.0"
      }
    },
    "qs": {
      "version": "6.5.2",
      "resolved": "https://registry.npmjs.org/qs/-/qs-6.5.2.tgz",
      "integrity": "sha512-N5ZAX4/LxJmF+7wN74pUD6qAh9/wnvdQcjq9TZjevvXzSUo7bfmw91saqMjzGS2xq91/odN2dW/WOl7qQHNDGA=="
    },
    "string.prototype.codepointat": {
      "version": "0.2.1",
      "resolved": "https://registry.npmjs.org/string.prototype.codepointat/-/string.prototype.codepointat-0.2.1.tgz",
      "integrity": "sha512-2cBVCj6I4IOvEnjgO/hWqXjqBGsY+zwPmHl12Srk9IXSZ56Jwwmy+66XO5Iut/oQVR7t5ihYdLB0GMa4alEUcg=="
    },
    "url2": {
      "version": "0.0.0",
      "resolved": "https://registry.npmjs.org/url2/-/url2-0.0.0.tgz",
      "integrity": "sha1-Tqq9HVw6yQ1iq0SFyZhCKGWgSxo="
    },
    "weak-map": {
      "version": "1.0.0",
      "resolved": "https://registry.npmjs.org/weak-map/-/weak-map-1.0.0.tgz",
      "integrity": "sha1-tm5Wqd8L0lp2u/G1FNsSkIBhSjc="
    },
    "xtend": {
      "version": "2.1.2",
      "resolved": "https://registry.npmjs.org/xtend/-/xtend-2.1.2.tgz",
      "integrity": "sha1-bv7MKk2tjmlixJAbM3znuoe10os=",
      "requires": {
        "object-keys": "~0.4.0"
      }
    }
  }
}
